{
  "name": "@nb/package-manager-exploration",
  "version": "1.0.0",
  "lockfileVersion": 2,
  "requires": true,
  "packages": {
    "": {
      "name": "@nb/package-manager-exploration",
      "version": "1.0.0",
      "license": "ISC",
      "workspaces": [
        "workspaces/*"
      ]
    },
    "node_modules/@nb/package1": {
      "resolved": "workspaces/package1",
      "link": true
    },
    "node_modules/@nb/package2": {
      "resolved": "workspaces/package2",
      "link": true
    },
    "node_modules/lodash": {
      "version": "4.17.21",
      "resolved": "https://artifactory.global.square/artifactory/api/npm/square-npm/lodash/-/lodash-4.17.21.tgz",
      "integrity": "sha512-v2kDEe57lecTulaDIuNTPy3Ry4gLGJ6Z1O3vE1krgXZNrsQ+LFTGHVxVjcXPs17LhbZVGedAJv8XZ1tvj5FvSg=="
    },
    "workspaces/package1": {
      "name": "@nb/package1",
      "version": "1.0.0",
      "license": "ISC",
      "dependencies": {
        "lodash": "^4.17.21"
      }
    },
    "workspaces/package2": {
      "name": "@nb/package2",
      "version": "1.0.0",
      "license": "ISC",
      "dependencies": {
        "@nb/package1": "file:workspaces/package1",
        "lodash": "^4.17.21"
      }
    },
    "workspaces/package2/node_modules/@nb/package1": {
      "resolved": "workspaces/package2/workspaces/package1",
      "link": true
    },
    "workspaces/package2/workspaces/package1": {}
  },
  "dependencies": {
    "@nb/package1": {
      "version": "file:workspaces/package1",
      "requires": {
        "lodash": "^4.17.21"
      }
    },
    "@nb/package2": {
      "version": "file:workspaces/package2",
      "requires": {
        "@nb/package1": "file:workspaces/package1",
        "lodash": "^4.17.21"
      },
      "dependencies": {
        "@nb/package1": {
          "version": "file:workspaces/package2/workspaces/package1"
        }
      }
    },
    "lodash": {
      "version": "4.17.21",
      "resolved": "https://artifactory.global.square/artifactory/api/npm/square-npm/lodash/-/lodash-4.17.21.tgz",
      "integrity": "sha512-v2kDEe57lecTulaDIuNTPy3Ry4gLGJ6Z1O3vE1krgXZNrsQ+LFTGHVxVjcXPs17LhbZVGedAJv8XZ1tvj5FvSg=="
    }
  }
}
