# This file is generated by running "yarn install" inside your project.
# Manual changes might be lost - proceed with caution!

__metadata:
  version: 6
  cacheKey: 8

"@nb/package-manager-exploration@workspace:.":
  version: 0.0.0-use.local
  resolution: "@nb/package-manager-exploration@workspace:."
  languageName: unknown
  linkType: soft

"@nb/package1@workspace:^, @nb/package1@workspace:workspaces/package1":
  version: 0.0.0-use.local
  resolution: "@nb/package1@workspace:workspaces/package1"
  dependencies:
    lodash: latest
  languageName: unknown
  linkType: soft

"@nb/package2@workspace:workspaces/package2":
  version: 0.0.0-use.local
  resolution: "@nb/package2@workspace:workspaces/package2"
  dependencies:
    "@nb/package1": "workspace:^"
    lodash: latest
  languageName: unknown
  linkType: soft

"lodash@npm:latest":
  version: 4.17.21
  resolution: "lodash@npm:4.17.21"
  checksum: eb835a2e51d381e561e508ce932ea50a8e5a68f4ebdd771ea240d3048244a8d13658acbd502cd4829768c56f2e16bdd4340b9ea141297d472517b83868e677f7
  languageName: node
  linkType: hard
